// !$*UTF8*$!
{
	archiveVersion = 1;
	classes = {
	};
	objectVersion = 56;
	objects = {

/* Begin PBXBuildFile section */
		130C36D62B28709400CC892D /* TrackerCreatingView.swift in Sources */ = {isa = PBXBuildFile; fileRef = 130C36D52B28709400CC892D /* TrackerCreatingView.swift */; };
		131DA93B2B2717C0008B8228 /* TrackerListViewModel.swift in Sources */ = {isa = PBXBuildFile; fileRef = 131DA93A2B2717C0008B8228 /* TrackerListViewModel.swift */; };
		131DA93D2B27235A008B8228 /* LargeButton.swift in Sources */ = {isa = PBXBuildFile; fileRef = 131DA93C2B27235A008B8228 /* LargeButton.swift */; };
		131DA93F2B272743008B8228 /* Color + Extension.swift in Sources */ = {isa = PBXBuildFile; fileRef = 131DA93E2B272743008B8228 /* Color + Extension.swift */; };
		13319F682B22F78C002B595B /* TrackerCell.swift in Sources */ = {isa = PBXBuildFile; fileRef = 13319F672B22F78C002B595B /* TrackerCell.swift */; };
		13319F6D2B231E46002B595B /* TrackersTabView.swift in Sources */ = {isa = PBXBuildFile; fileRef = 13319F6C2B231E46002B595B /* TrackersTabView.swift */; };
		13319F6F2B231F0F002B595B /* StatiscticsView.swift in Sources */ = {isa = PBXBuildFile; fileRef = 13319F6E2B231F0F002B595B /* StatiscticsView.swift */; };
		13319F712B2329CA002B595B /* Localizable.xcstrings in Resources */ = {isa = PBXBuildFile; fileRef = 13319F702B2329CA002B595B /* Localizable.xcstrings */; };
		13319F742B23485E002B595B /* Date + Extension.swift in Sources */ = {isa = PBXBuildFile; fileRef = 13319F732B23485E002B595B /* Date + Extension.swift */; };
		13DF3C772B20EF6C00AB3AA3 /* HabitTrackerApp.swift in Sources */ = {isa = PBXBuildFile; fileRef = 13DF3C762B20EF6C00AB3AA3 /* HabitTrackerApp.swift */; };
		13DF3C792B20EF6C00AB3AA3 /* TrackerListView.swift in Sources */ = {isa = PBXBuildFile; fileRef = 13DF3C782B20EF6C00AB3AA3 /* TrackerListView.swift */; };
		13DF3C7D2B20EF6D00AB3AA3 /* Assets.xcassets in Resources */ = {isa = PBXBuildFile; fileRef = 13DF3C7C2B20EF6D00AB3AA3 /* Assets.xcassets */; };
		13DF3C802B20EF6D00AB3AA3 /* Preview Assets.xcassets in Resources */ = {isa = PBXBuildFile; fileRef = 13DF3C7F2B20EF6D00AB3AA3 /* Preview Assets.xcassets */; };
		13DF3C892B20F9C600AB3AA3 /* Tracker.swift in Sources */ = {isa = PBXBuildFile; fileRef = 13DF3C882B20F9C600AB3AA3 /* Tracker.swift */; };
		13DF3CD42B2216F500AB3AA3 /* TrackerRecord.swift in Sources */ = {isa = PBXBuildFile; fileRef = 13DF3CD32B2216F500AB3AA3 /* TrackerRecord.swift */; };
		13DF3CD62B2217CA00AB3AA3 /* TrackerCategory.swift in Sources */ = {isa = PBXBuildFile; fileRef = 13DF3CD52B2217CA00AB3AA3 /* TrackerCategory.swift */; };
/* End PBXBuildFile section */

/* Begin PBXFileReference section */
		130C36D52B28709400CC892D /* TrackerCreatingView.swift */ = {isa = PBXFileReference; lastKnownFileType = sourcecode.swift; path = TrackerCreatingView.swift; sourceTree = "<group>"; };
		131DA93A2B2717C0008B8228 /* TrackerListViewModel.swift */ = {isa = PBXFileReference; lastKnownFileType = sourcecode.swift; path = TrackerListViewModel.swift; sourceTree = "<group>"; };
		131DA93C2B27235A008B8228 /* LargeButton.swift */ = {isa = PBXFileReference; lastKnownFileType = sourcecode.swift; path = LargeButton.swift; sourceTree = "<group>"; };
		131DA93E2B272743008B8228 /* Color + Extension.swift */ = {isa = PBXFileReference; lastKnownFileType = sourcecode.swift; path = "Color + Extension.swift"; sourceTree = "<group>"; };
		13319F652B22E9FF002B595B /* HabitTracker.app */ = {isa = PBXFileReference; explicitFileType = wrapper.application; includeInIndex = 0; path = HabitTracker.app; sourceTree = BUILT_PRODUCTS_DIR; };
		13319F672B22F78C002B595B /* TrackerCell.swift */ = {isa = PBXFileReference; lastKnownFileType = sourcecode.swift; path = TrackerCell.swift; sourceTree = "<group>"; };
		13319F6C2B231E46002B595B /* TrackersTabView.swift */ = {isa = PBXFileReference; lastKnownFileType = sourcecode.swift; path = TrackersTabView.swift; sourceTree = "<group>"; };
		13319F6E2B231F0F002B595B /* StatiscticsView.swift */ = {isa = PBXFileReference; lastKnownFileType = sourcecode.swift; path = StatiscticsView.swift; sourceTree = "<group>"; };
		13319F702B2329CA002B595B /* Localizable.xcstrings */ = {isa = PBXFileReference; lastKnownFileType = text.json.xcstrings; path = Localizable.xcstrings; sourceTree = "<group>"; };
		13319F732B23485E002B595B /* Date + Extension.swift */ = {isa = PBXFileReference; lastKnownFileType = sourcecode.swift; path = "Date + Extension.swift"; sourceTree = "<group>"; };
		13DF3C762B20EF6C00AB3AA3 /* HabitTrackerApp.swift */ = {isa = PBXFileReference; lastKnownFileType = sourcecode.swift; path = HabitTrackerApp.swift; sourceTree = "<group>"; };
		13DF3C782B20EF6C00AB3AA3 /* TrackerListView.swift */ = {isa = PBXFileReference; lastKnownFileType = sourcecode.swift; path = TrackerListView.swift; sourceTree = "<group>"; };
		13DF3C7C2B20EF6D00AB3AA3 /* Assets.xcassets */ = {isa = PBXFileReference; lastKnownFileType = folder.assetcatalog; path = Assets.xcassets; sourceTree = "<group>"; };
		13DF3C7F2B20EF6D00AB3AA3 /* Preview Assets.xcassets */ = {isa = PBXFileReference; lastKnownFileType = folder.assetcatalog; path = "Preview Assets.xcassets"; sourceTree = "<group>"; };
		13DF3C882B20F9C600AB3AA3 /* Tracker.swift */ = {isa = PBXFileReference; lastKnownFileType = sourcecode.swift; path = Tracker.swift; sourceTree = "<group>"; };
		13DF3CD32B2216F500AB3AA3 /* TrackerRecord.swift */ = {isa = PBXFileReference; lastKnownFileType = sourcecode.swift; path = TrackerRecord.swift; sourceTree = "<group>"; };
		13DF3CD52B2217CA00AB3AA3 /* TrackerCategory.swift */ = {isa = PBXFileReference; lastKnownFileType = sourcecode.swift; path = TrackerCategory.swift; sourceTree = "<group>"; };
/* End PBXFileReference section */

/* Begin PBXFrameworksBuildPhase section */
		13DF3C702B20EF6C00AB3AA3 /* Frameworks */ = {
			isa = PBXFrameworksBuildPhase;
			buildActionMask = 2147483647;
			files = (
			);
			runOnlyForDeploymentPostprocessing = 0;
		};
/* End PBXFrameworksBuildPhase section */

/* Begin PBXGroup section */
		131DA9392B27179C008B8228 /* ViewModels */ = {
			isa = PBXGroup;
			children = (
				131DA93A2B2717C0008B8228 /* TrackerListViewModel.swift */,
			);
			path = ViewModels;
			sourceTree = "<group>";
		};
		13319F662B22F76F002B595B /* Views */ = {
			isa = PBXGroup;
			children = (
				13DF3C782B20EF6C00AB3AA3 /* TrackerListView.swift */,
				13319F6E2B231F0F002B595B /* StatiscticsView.swift */,
				130C36D52B28709400CC892D /* TrackerCreatingView.swift */,
				13319F692B231A9D002B595B /* Components */,
			);
			path = Views;
			sourceTree = "<group>";
		};
		13319F692B231A9D002B595B /* Components */ = {
			isa = PBXGroup;
			children = (
				13319F672B22F78C002B595B /* TrackerCell.swift */,
				13319F6C2B231E46002B595B /* TrackersTabView.swift */,
				131DA93C2B27235A008B8228 /* LargeButton.swift */,
			);
			path = Components;
			sourceTree = "<group>";
		};
		13319F722B23482E002B595B /* Extensions */ = {
			isa = PBXGroup;
			children = (
				13319F732B23485E002B595B /* Date + Extension.swift */,
				131DA93E2B272743008B8228 /* Color + Extension.swift */,
			);
			path = Extensions;
			sourceTree = "<group>";
		};
		13DF3C6A2B20EF6C00AB3AA3 = {
			isa = PBXGroup;
			children = (
				13DF3C752B20EF6C00AB3AA3 /* HabitTracker */,
				13319F652B22E9FF002B595B /* HabitTracker.app */,
				13DF3C762B20EF6C00AB3AA3 /* HabitTrackerApp.swift */,
			);
			sourceTree = "<group>";
		};
		13DF3C752B20EF6C00AB3AA3 /* HabitTracker */ = {
			isa = PBXGroup;
			children = (
				131DA9392B27179C008B8228 /* ViewModels */,
				13319F662B22F76F002B595B /* Views */,
				13DF3C872B20F9A500AB3AA3 /* Models */,
				13DF3C862B20F22C00AB3AA3 /* Resources */,
				13319F722B23482E002B595B /* Extensions */,
			);
			path = HabitTracker;
			sourceTree = "<group>";
		};
		13DF3C7E2B20EF6D00AB3AA3 /* Preview Content */ = {
			isa = PBXGroup;
			children = (
				13DF3C7F2B20EF6D00AB3AA3 /* Preview Assets.xcassets */,
			);
			path = "Preview Content";
			sourceTree = "<group>";
		};
		13DF3C862B20F22C00AB3AA3 /* Resources */ = {
			isa = PBXGroup;
			children = (
				13DF3C7E2B20EF6D00AB3AA3 /* Preview Content */,
				13DF3C7C2B20EF6D00AB3AA3 /* Assets.xcassets */,
				13319F702B2329CA002B595B /* Localizable.xcstrings */,
			);
			path = Resources;
			sourceTree = "<group>";
		};
		13DF3C872B20F9A500AB3AA3 /* Models */ = {
			isa = PBXGroup;
			children = (
				13DF3C882B20F9C600AB3AA3 /* Tracker.swift */,
				13DF3CD32B2216F500AB3AA3 /* TrackerRecord.swift */,
				13DF3CD52B2217CA00AB3AA3 /* TrackerCategory.swift */,
			);
			path = Models;
			sourceTree = "<group>";
		};
/* End PBXGroup section */

/* Begin PBXNativeTarget section */
		13DF3C722B20EF6C00AB3AA3 /* HabitTracker */ = {
			isa = PBXNativeTarget;
			buildConfigurationList = 13DF3C832B20EF6D00AB3AA3 /* Build configuration list for PBXNativeTarget "HabitTracker" */;
			buildPhases = (
				13DF3C6F2B20EF6C00AB3AA3 /* Sources */,
				13DF3C702B20EF6C00AB3AA3 /* Frameworks */,
				13DF3C712B20EF6C00AB3AA3 /* Resources */,
			);
			buildRules = (
			);
			dependencies = (
			);
			name = HabitTracker;
			packageProductDependencies = (
			);
			productName = HabitTracker;
			productReference = 13319F652B22E9FF002B595B /* HabitTracker.app */;
			productType = "com.apple.product-type.application";
		};
/* End PBXNativeTarget section */

/* Begin PBXProject section */
		13DF3C6B2B20EF6C00AB3AA3 /* Project object */ = {
			isa = PBXProject;
			attributes = {
				BuildIndependentTargetsInParallel = 1;
				LastSwiftUpdateCheck = 1500;
				LastUpgradeCheck = 1500;
				TargetAttributes = {
					13DF3C722B20EF6C00AB3AA3 = {
						CreatedOnToolsVersion = 15.0.1;
					};
				};
			};
			buildConfigurationList = 13DF3C6E2B20EF6C00AB3AA3 /* Build configuration list for PBXProject "HabitTracker" */;
			compatibilityVersion = "Xcode 14.0";
			developmentRegion = en;
			hasScannedForEncodings = 0;
			knownRegions = (
				en,
				Base,
				ru,
			);
			mainGroup = 13DF3C6A2B20EF6C00AB3AA3;
			packageReferences = (
			);
			productRefGroup = 13DF3C6A2B20EF6C00AB3AA3;
			projectDirPath = "";
			projectRoot = "";
			targets = (
				13DF3C722B20EF6C00AB3AA3 /* HabitTracker */,
			);
		};
/* End PBXProject section */

/* Begin PBXResourcesBuildPhase section */
		13DF3C712B20EF6C00AB3AA3 /* Resources */ = {
			isa = PBXResourcesBuildPhase;
			buildActionMask = 2147483647;
			files = (
				13DF3C802B20EF6D00AB3AA3 /* Preview Assets.xcassets in Resources */,
				13DF3C7D2B20EF6D00AB3AA3 /* Assets.xcassets in Resources */,
				13319F712B2329CA002B595B /* Localizable.xcstrings in Resources */,
			);
			runOnlyForDeploymentPostprocessing = 0;
		};
/* End PBXResourcesBuildPhase section */

/* Begin PBXSourcesBuildPhase section */
		13DF3C6F2B20EF6C00AB3AA3 /* Sources */ = {
			isa = PBXSourcesBuildPhase;
			buildActionMask = 2147483647;
			files = (
				13DF3CD62B2217CA00AB3AA3 /* TrackerCategory.swift in Sources */,
				131DA93D2B27235A008B8228 /* LargeButton.swift in Sources */,
				130C36D62B28709400CC892D /* TrackerCreatingView.swift in Sources */,
				13319F6F2B231F0F002B595B /* StatiscticsView.swift in Sources */,
				13319F742B23485E002B595B /* Date + Extension.swift in Sources */,
				13DF3CD42B2216F500AB3AA3 /* TrackerRecord.swift in Sources */,
				131DA93F2B272743008B8228 /* Color + Extension.swift in Sources */,
				13DF3C892B20F9C600AB3AA3 /* Tracker.swift in Sources */,
				131DA93B2B2717C0008B8228 /* TrackerListViewModel.swift in Sources */,
				13DF3C792B20EF6C00AB3AA3 /* TrackerListView.swift in Sources */,
				13319F6D2B231E46002B595B /* TrackersTabView.swift in Sources */,
				13DF3C772B20EF6C00AB3AA3 /* HabitTrackerApp.swift in Sources */,
				13319F682B22F78C002B595B /* TrackerCell.swift in Sources */,
			);
			runOnlyForDeploymentPostprocessing = 0;
		};
/* End PBXSourcesBuildPhase section */

/* Begin XCBuildConfiguration section */
		13DF3C812B20EF6D00AB3AA3 /* Debug */ = {
			isa = XCBuildConfiguration;
			buildSettings = {
				ALWAYS_SEARCH_USER_PATHS = NO;
				ASSETCATALOG_COMPILER_GENERATE_SWIFT_ASSET_SYMBOL_EXTENSIONS = YES;
				CLANG_ANALYZER_NONNULL = YES;
				CLANG_ANALYZER_NUMBER_OBJECT_CONVERSION = YES_AGGRESSIVE;
				CLANG_CXX_LANGUAGE_STANDARD = "gnu++20";
				CLANG_ENABLE_MODULES = YES;
				CLANG_ENABLE_OBJC_ARC = YES;
				CLANG_ENABLE_OBJC_WEAK = YES;
				CLANG_WARN_BLOCK_CAPTURE_AUTORELEASING = YES;
				CLANG_WARN_BOOL_CONVERSION = YES;
				CLANG_WARN_COMMA = YES;
				CLANG_WARN_CONSTANT_CONVERSION = YES;
				CLANG_WARN_DEPRECATED_OBJC_IMPLEMENTATIONS = YES;
				CLANG_WARN_DIRECT_OBJC_ISA_USAGE = YES_ERROR;
				CLANG_WARN_DOCUMENTATION_COMMENTS = YES;
				CLANG_WARN_EMPTY_BODY = YES;
				CLANG_WARN_ENUM_CONVERSION = YES;
				CLANG_WARN_INFINITE_RECURSION = YES;
				CLANG_WARN_INT_CONVERSION = YES;
				CLANG_WARN_NON_LITERAL_NULL_CONVERSION = YES;
				CLANG_WARN_OBJC_IMPLICIT_RETAIN_SELF = YES;
				CLANG_WARN_OBJC_LITERAL_CONVERSION = YES;
				CLANG_WARN_OBJC_ROOT_CLASS = YES_ERROR;
				CLANG_WARN_QUOTED_INCLUDE_IN_FRAMEWORK_HEADER = YES;
				CLANG_WARN_RANGE_LOOP_ANALYSIS = YES;
				CLANG_WARN_STRICT_PROTOTYPES = YES;
				CLANG_WARN_SUSPICIOUS_MOVE = YES;
				CLANG_WARN_UNGUARDED_AVAILABILITY = YES_AGGRESSIVE;
				CLANG_WARN_UNREACHABLE_CODE = YES;
				CLANG_WARN__DUPLICATE_METHOD_MATCH = YES;
				COPY_PHASE_STRIP = NO;
				DEBUG_INFORMATION_FORMAT = dwarf;
				ENABLE_STRICT_OBJC_MSGSEND = YES;
				ENABLE_TESTABILITY = YES;
				ENABLE_USER_SCRIPT_SANDBOXING = YES;
				GCC_C_LANGUAGE_STANDARD = gnu17;
				GCC_DYNAMIC_NO_PIC = NO;
				GCC_NO_COMMON_BLOCKS = YES;
				GCC_OPTIMIZATION_LEVEL = 0;
				GCC_PREPROCESSOR_DEFINITIONS = (
					"DEBUG=1",
					"$(inherited)",
				);
				GCC_WARN_64_TO_32_BIT_CONVERSION = YES;
				GCC_WARN_ABOUT_RETURN_TYPE = YES_ERROR;
				GCC_WARN_UNDECLARED_SELECTOR = YES;
				GCC_WARN_UNINITIALIZED_AUTOS = YES_AGGRESSIVE;
				GCC_WARN_UNUSED_FUNCTION = YES;
				GCC_WARN_UNUSED_VARIABLE = YES;
				IPHONEOS_DEPLOYMENT_TARGET = 17.0;
				LOCALIZATION_PREFERS_STRING_CATALOGS = YES;
				MTL_ENABLE_DEBUG_INFO = INCLUDE_SOURCE;
				MTL_FAST_MATH = YES;
				ONLY_ACTIVE_ARCH = YES;
				SDKROOT = iphoneos;
				SWIFT_ACTIVE_COMPILATION_CONDITIONS = "DEBUG $(inherited)";
				SWIFT_OPTIMIZATION_LEVEL = "-Onone";
			};
			name = Debug;
		};
		13DF3C822B20EF6D00AB3AA3 /* Release */ = {
			isa = XCBuildConfiguration;
			buildSettings = {
				ALWAYS_SEARCH_USER_PATHS = NO;
				ASSETCATALOG_COMPILER_GENERATE_SWIFT_ASSET_SYMBOL_EXTENSIONS = YES;
				CLANG_ANALYZER_NONNULL = YES;
				CLANG_ANALYZER_NUMBER_OBJECT_CONVERSION = YES_AGGRESSIVE;
				CLANG_CXX_LANGUAGE_STANDARD = "gnu++20";
				CLANG_ENABLE_MODULES = YES;
				CLANG_ENABLE_OBJC_ARC = YES;
				CLANG_ENABLE_OBJC_WEAK = YES;
				CLANG_WARN_BLOCK_CAPTURE_AUTORELEASING = YES;
				CLANG_WARN_BOOL_CONVERSION = YES;
				CLANG_WARN_COMMA = YES;
				CLANG_WARN_CONSTANT_CONVERSION = YES;
				CLANG_WARN_DEPRECATED_OBJC_IMPLEMENTATIONS = YES;
				CLANG_WARN_DIRECT_OBJC_ISA_USAGE = YES_ERROR;
				CLANG_WARN_DOCUMENTATION_COMMENTS = YES;
				CLANG_WARN_EMPTY_BODY = YES;
				CLANG_WARN_ENUM_CONVERSION = YES;
				CLANG_WARN_INFINITE_RECURSION = YES;
				CLANG_WARN_INT_CONVERSION = YES;
				CLANG_WARN_NON_LITERAL_NULL_CONVERSION = YES;
				CLANG_WARN_OBJC_IMPLICIT_RETAIN_SELF = YES;
				CLANG_WARN_OBJC_LITERAL_CONVERSION = YES;
				CLANG_WARN_OBJC_ROOT_CLASS = YES_ERROR;
				CLANG_WARN_QUOTED_INCLUDE_IN_FRAMEWORK_HEADER = YES;
				CLANG_WARN_RANGE_LOOP_ANALYSIS = YES;
				CLANG_WARN_STRICT_PROTOTYPES = YES;
				CLANG_WARN_SUSPICIOUS_MOVE = YES;
				CLANG_WARN_UNGUARDED_AVAILABILITY = YES_AGGRESSIVE;
				CLANG_WARN_UNREACHABLE_CODE = YES;
				CLANG_WARN__DUPLICATE_METHOD_MATCH = YES;
				COPY_PHASE_STRIP = NO;
				DEBUG_INFORMATION_FORMAT = "dwarf-with-dsym";
				ENABLE_NS_ASSERTIONS = NO;
				ENABLE_STRICT_OBJC_MSGSEND = YES;
				ENABLE_USER_SCRIPT_SANDBOXING = YES;
				GCC_C_LANGUAGE_STANDARD = gnu17;
				GCC_NO_COMMON_BLOCKS = YES;
				GCC_WARN_64_TO_32_BIT_CONVERSION = YES;
				GCC_WARN_ABOUT_RETURN_TYPE = YES_ERROR;
				GCC_WARN_UNDECLARED_SELECTOR = YES;
				GCC_WARN_UNINITIALIZED_AUTOS = YES_AGGRESSIVE;
				GCC_WARN_UNUSED_FUNCTION = YES;
				GCC_WARN_UNUSED_VARIABLE = YES;
				IPHONEOS_DEPLOYMENT_TARGET = 17.0;
				LOCALIZATION_PREFERS_STRING_CATALOGS = YES;
				MTL_ENABLE_DEBUG_INFO = NO;
				MTL_FAST_MATH = YES;
				SDKROOT = iphoneos;
				SWIFT_COMPILATION_MODE = wholemodule;
				VALIDATE_PRODUCT = YES;
			};
			name = Release;
		};
		13DF3C842B20EF6D00AB3AA3 /* Debug */ = {
			isa = XCBuildConfiguration;
			buildSettings = {
				ASSETCATALOG_COMPILER_APPICON_NAME = AppIcon;
				ASSETCATALOG_COMPILER_GLOBAL_ACCENT_COLOR_NAME = AccentColor;
				CODE_SIGN_STYLE = Automatic;
				CURRENT_PROJECT_VERSION = 1;
				DEVELOPMENT_ASSET_PATHS = "\"HabitTracker/Resources/Preview Content\"";
				DEVELOPMENT_TEAM = LRWQUTLHSS;
				ENABLE_PREVIEWS = YES;
				GENERATE_INFOPLIST_FILE = YES;
				INFOPLIST_FILE = HabitTracker/Info.plist;
				INFOPLIST_KEY_UIApplicationSceneManifest_Generation = YES;
				INFOPLIST_KEY_UIApplicationSupportsIndirectInputEvents = YES;
				INFOPLIST_KEY_UILaunchScreen_Generation = YES;
				INFOPLIST_KEY_UISupportedInterfaceOrientations = UIInterfaceOrientationPortrait;
				INFOPLIST_KEY_UISupportedInterfaceOrientations_iPad = "UIInterfaceOrientationLandscapeLeft UIInterfaceOrientationLandscapeRight UIInterfaceOrientationPortrait UIInterfaceOrientationPortraitUpsideDown";
				LD_RUNPATH_SEARCH_PATHS = (
					"$(inherited)",
					"@executable_path/Frameworks",
				);
				MARKETING_VERSION = 1.0;
				PRODUCT_BUNDLE_IDENTIFIER = ru.vsevolodtsarev.HabitTracker;
				PRODUCT_NAME = "$(TARGET_NAME)";
				SUPPORTED_PLATFORMS = "iphoneos iphonesimulator";
				SUPPORTS_MACCATALYST = NO;
				SUPPORTS_MAC_DESIGNED_FOR_IPHONE_IPAD = NO;
				SWIFT_EMIT_LOC_STRINGS = YES;
				SWIFT_VERSION = 5.0;
				TARGETED_DEVICE_FAMILY = 1;
			};
			name = Debug;
		};
		13DF3C852B20EF6D00AB3AA3 /* Release */ = {
			isa = XCBuildConfiguration;
			buildSettings = {
				ASSETCATALOG_COMPILER_APPICON_NAME = AppIcon;
				ASSETCATALOG_COMPILER_GLOBAL_ACCENT_COLOR_NAME = AccentColor;
				CODE_SIGN_STYLE = Automatic;
				CURRENT_PROJECT_VERSION = 1;
				DEVELOPMENT_ASSET_PATHS = "\"HabitTracker/Resources/Preview Content\"";
				DEVELOPMENT_TEAM = LRWQUTLHSS;
				ENABLE_PREVIEWS = YES;
				GENERATE_INFOPLIST_FILE = YES;
				INFOPLIST_FILE = HabitTracker/Info.plist;
				INFOPLIST_KEY_UIApplicationSceneManifest_Generation = YES;
				INFOPLIST_KEY_UIApplicationSupportsIndirectInputEvents = YES;
				INFOPLIST_KEY_UILaunchScreen_Generation = YES;
				INFOPLIST_KEY_UISupportedInterfaceOrientations = UIInterfaceOrientationPortrait;
				INFOPLIST_KEY_UISupportedInterfaceOrientations_iPad = "UIInterfaceOrientationLandscapeLeft UIInterfaceOrientationLandscapeRight UIInterfaceOrientationPortrait UIInterfaceOrientationPortraitUpsideDown";
				LD_RUNPATH_SEARCH_PATHS = (
					"$(inherited)",
					"@executable_path/Frameworks",
				);
				MARKETING_VERSION = 1.0;
				PRODUCT_BUNDLE_IDENTIFIER = ru.vsevolodtsarev.HabitTracker;
				PRODUCT_NAME = "$(TARGET_NAME)";
				SUPPORTED_PLATFORMS = "iphoneos iphonesimulator";
				SUPPORTS_MACCATALYST = NO;
				SUPPORTS_MAC_DESIGNED_FOR_IPHONE_IPAD = NO;
				SWIFT_EMIT_LOC_STRINGS = YES;
				SWIFT_VERSION = 5.0;
				TARGETED_DEVICE_FAMILY = 1;
			};
			name = Release;
		};
/* End XCBuildConfiguration section */

/* Begin XCConfigurationList section */
		13DF3C6E2B20EF6C00AB3AA3 /* Build configuration list for PBXProject "HabitTracker" */ = {
			isa = XCConfigurationList;
			buildConfigurations = (
				13DF3C812B20EF6D00AB3AA3 /* Debug */,
				13DF3C822B20EF6D00AB3AA3 /* Release */,
			);
			defaultConfigurationIsVisible = 0;
			defaultConfigurationName = Release;
		};
		13DF3C832B20EF6D00AB3AA3 /* Build configuration list for PBXNativeTarget "HabitTracker" */ = {
			isa = XCConfigurationList;
			buildConfigurations = (
				13DF3C842B20EF6D00AB3AA3 /* Debug */,
				13DF3C852B20EF6D00AB3AA3 /* Release */,
			);
			defaultConfigurationIsVisible = 0;
			defaultConfigurationName = Release;
		};
/* End XCConfigurationList section */
	};
	rootObject = 13DF3C6B2B20EF6C00AB3AA3 /* Project object */;
}
